
Microsoft Visual Studio Solution File, Format Version 12.00
# Visual Studio Version 16
VisualStudioVersion = 16.0.30320.27
MinimumVisualStudioVersion = 10.0.40219.1
Project("{FAE04EC0-301F-11D3-BF4B-00C04F79EFBC}") = "wheres-waldo", "wheres-waldo\wheres-waldo.csproj", "{32528CDB-D8D9-4E5A-91A1-A219FCCB0D89}"
EndProject
Global
	GlobalSection(SolutionConfigurationPlatforms) = preSolution
		Debug|Any CPU = Debug|Any CPU
		Release|Any CPU = Release|Any CPU
	EndGlobalSection
	GlobalSection(ProjectConfigurationPlatforms) = postSolution
		{32528CDB-D8D9-4E5A-91A1-A219FCCB0D89}.Debug|Any CPU.ActiveCfg = Debug|Any CPU
		{32528CDB-D8D9-4E5A-91A1-A219FCCB0D89}.Debug|Any CPU.Build.0 = Debug|Any CPU
		{32528CDB-D8D9-4E5A-91A1-A219FCCB0D89}.Release|Any CPU.ActiveCfg = Release|Any CPU
		{32528CDB-D8D9-4E5A-91A1-A219FCCB0D89}.Release|Any CPU.Build.0 = Release|Any CPU
	EndGlobalSection
	GlobalSection(SolutionProperties) = preSolution
		HideSolutionNode = FALSE
	EndGlobalSection
	GlobalSection(ExtensibilityGlobals) = postSolution
		SolutionGuid = {BAE2AD7B-1130-4CBF-92DA-6AB9CCF4E9CE}
	EndGlobalSection
EndGlobal
